
Microsoft Visual Studio Solution File, Format Version 12.00
# Visual Studio Version 17
VisualStudioVersion = 17.5.33627.172
MinimumVisualStudioVersion = 10.0.40219.1
Project("{FAE04EC0-301F-11D3-BF4B-00C04F79EFBC}") = "Collections", "Collections.csproj", "{564C7F78-7D87-43D9-B161-1FA8E18D522A}"
EndProject
Global
	GlobalSection(SolutionConfigurationPlatforms) = preSolution
		Debug|Any CPU = Debug|Any CPU
		Release|Any CPU = Release|Any CPU
	EndGlobalSection
	GlobalSection(ProjectConfigurationPlatforms) = postSolution
		{564C7F78-7D87-43D9-B161-1FA8E18D522A}.Debug|Any CPU.ActiveCfg = Debug|Any CPU
		{564C7F78-7D87-43D9-B161-1FA8E18D522A}.Debug|Any CPU.Build.0 = Debug|Any CPU
		{564C7F78-7D87-43D9-B161-1FA8E18D522A}.Release|Any CPU.ActiveCfg = Release|Any CPU
		{564C7F78-7D87-43D9-B161-1FA8E18D522A}.Release|Any CPU.Build.0 = Release|Any CPU
	EndGlobalSection
	GlobalSection(SolutionProperties) = preSolution
		HideSolutionNode = FALSE
	EndGlobalSection
	GlobalSection(ExtensibilityGlobals) = postSolution
		SolutionGuid = {C2FBC6DE-9F9F-439E-9C9A-C3EDFFCD4674}
	EndGlobalSection
EndGlobal
