
Microsoft Visual Studio Solution File, Format Version 12.00
# Visual Studio Version 17
VisualStudioVersion = 17.5.33627.172
MinimumVisualStudioVersion = 10.0.40219.1
Project("{FAE04EC0-301F-11D3-BF4B-00C04F79EFBC}") = "TwoDimensionalArray", "TwoDimensionalArray.csproj", "{9FCCF358-3FA8-4E66-9663-5107A9E03A2F}"
EndProject
Global
	GlobalSection(SolutionConfigurationPlatforms) = preSolution
		Debug|Any CPU = Debug|Any CPU
		Release|Any CPU = Release|Any CPU
	EndGlobalSection
	GlobalSection(ProjectConfigurationPlatforms) = postSolution
		{9FCCF358-3FA8-4E66-9663-5107A9E03A2F}.Debug|Any CPU.ActiveCfg = Debug|Any CPU
		{9FCCF358-3FA8-4E66-9663-5107A9E03A2F}.Debug|Any CPU.Build.0 = Debug|Any CPU
		{9FCCF358-3FA8-4E66-9663-5107A9E03A2F}.Release|Any CPU.ActiveCfg = Release|Any CPU
		{9FCCF358-3FA8-4E66-9663-5107A9E03A2F}.Release|Any CPU.Build.0 = Release|Any CPU
	EndGlobalSection
	GlobalSection(SolutionProperties) = preSolution
		HideSolutionNode = FALSE
	EndGlobalSection
	GlobalSection(ExtensibilityGlobals) = postSolution
		SolutionGuid = {D37EA660-0DE0-4805-A7A8-BFA8F845E759}
	EndGlobalSection
EndGlobal
