
Microsoft Visual Studio Solution File, Format Version 12.00
# Visual Studio Version 17
VisualStudioVersion = 17.5.33627.172
MinimumVisualStudioVersion = 10.0.40219.1
Project("{FAE04EC0-301F-11D3-BF4B-00C04F79EFBC}") = "Shopings", "Shopings.csproj", "{9910FC8A-C70C-46B4-A755-A39CC67DFC06}"
EndProject
Project("{FAE04EC0-301F-11D3-BF4B-00C04F79EFBC}") = "Shopings.Data", "..\Shopings.Data\Shopings.Data.csproj", "{908CF860-7E40-4859-ADE2-ACF479E71532}"
EndProject
Global
	GlobalSection(SolutionConfigurationPlatforms) = preSolution
		Debug|Any CPU = Debug|Any CPU
		Release|Any CPU = Release|Any CPU
	EndGlobalSection
	GlobalSection(ProjectConfigurationPlatforms) = postSolution
		{9910FC8A-C70C-46B4-A755-A39CC67DFC06}.Debug|Any CPU.ActiveCfg = Debug|Any CPU
		{9910FC8A-C70C-46B4-A755-A39CC67DFC06}.Debug|Any CPU.Build.0 = Debug|Any CPU
		{9910FC8A-C70C-46B4-A755-A39CC67DFC06}.Release|Any CPU.ActiveCfg = Release|Any CPU
		{9910FC8A-C70C-46B4-A755-A39CC67DFC06}.Release|Any CPU.Build.0 = Release|Any CPU
		{908CF860-7E40-4859-ADE2-ACF479E71532}.Debug|Any CPU.ActiveCfg = Debug|Any CPU
		{908CF860-7E40-4859-ADE2-ACF479E71532}.Debug|Any CPU.Build.0 = Debug|Any CPU
		{908CF860-7E40-4859-ADE2-ACF479E71532}.Release|Any CPU.ActiveCfg = Release|Any CPU
		{908CF860-7E40-4859-ADE2-ACF479E71532}.Release|Any CPU.Build.0 = Release|Any CPU
	EndGlobalSection
	GlobalSection(SolutionProperties) = preSolution
		HideSolutionNode = FALSE
	EndGlobalSection
	GlobalSection(ExtensibilityGlobals) = postSolution
		SolutionGuid = {ED1F6E25-31B0-40B3-8E39-E60E8736999A}
	EndGlobalSection
EndGlobal
