
Microsoft Visual Studio Solution File, Format Version 12.00
# Visual Studio Version 17
VisualStudioVersion = 17.5.33627.172
MinimumVisualStudioVersion = 10.0.40219.1
Project("{FAE04EC0-301F-11D3-BF4B-00C04F79EFBC}") = "ExamDatatype", "ExamDatatype.csproj", "{AA9EC34D-FB32-4406-9562-2C079F595449}"
EndProject
Global
	GlobalSection(SolutionConfigurationPlatforms) = preSolution
		Debug|Any CPU = Debug|Any CPU
		Release|Any CPU = Release|Any CPU
	EndGlobalSection
	GlobalSection(ProjectConfigurationPlatforms) = postSolution
		{AA9EC34D-FB32-4406-9562-2C079F595449}.Debug|Any CPU.ActiveCfg = Debug|Any CPU
		{AA9EC34D-FB32-4406-9562-2C079F595449}.Debug|Any CPU.Build.0 = Debug|Any CPU
		{AA9EC34D-FB32-4406-9562-2C079F595449}.Release|Any CPU.ActiveCfg = Release|Any CPU
		{AA9EC34D-FB32-4406-9562-2C079F595449}.Release|Any CPU.Build.0 = Release|Any CPU
	EndGlobalSection
	GlobalSection(SolutionProperties) = preSolution
		HideSolutionNode = FALSE
	EndGlobalSection
	GlobalSection(ExtensibilityGlobals) = postSolution
		SolutionGuid = {F777473A-8089-4128-A527-12662F6DFD1D}
	EndGlobalSection
EndGlobal
