
Microsoft Visual Studio Solution File, Format Version 12.00
# Visual Studio Version 17
VisualStudioVersion = 17.5.33627.172
MinimumVisualStudioVersion = 10.0.40219.1
Project("{FAE04EC0-301F-11D3-BF4B-00C04F79EFBC}") = "BotTelegram", "BotTelegram.csproj", "{8495404B-9102-47E4-B00A-F79D17BE518A}"
EndProject
Global
	GlobalSection(SolutionConfigurationPlatforms) = preSolution
		Debug|Any CPU = Debug|Any CPU
		Release|Any CPU = Release|Any CPU
	EndGlobalSection
	GlobalSection(ProjectConfigurationPlatforms) = postSolution
		{8495404B-9102-47E4-B00A-F79D17BE518A}.Debug|Any CPU.ActiveCfg = Debug|Any CPU
		{8495404B-9102-47E4-B00A-F79D17BE518A}.Debug|Any CPU.Build.0 = Debug|Any CPU
		{8495404B-9102-47E4-B00A-F79D17BE518A}.Release|Any CPU.ActiveCfg = Release|Any CPU
		{8495404B-9102-47E4-B00A-F79D17BE518A}.Release|Any CPU.Build.0 = Release|Any CPU
	EndGlobalSection
	GlobalSection(SolutionProperties) = preSolution
		HideSolutionNode = FALSE
	EndGlobalSection
	GlobalSection(ExtensibilityGlobals) = postSolution
		SolutionGuid = {AC1F4BC1-A6A2-43B7-8512-24614CFDDEF4}
	EndGlobalSection
EndGlobal
